<?xml version="1.0" encoding="UTF-8" standalone="yes" ?>
<CodeBlocks_project_file>
	<FileVersion major="1" minor="6" />
	<Project>
		<Option title="scan" />
		<Option pch_mode="2" />
		<Option compiler="gcc" />
		<Build>
			<Target title="Debug Win64">
				<Option output="bin/Debug/scan" prefix_auto="1" extension_auto="1" />
				<Option object_output="obj/Debug/" />
				<Option type="1" />
				<Option compiler="gcc" />
				<Compiler>
					<Add option="-g" />
				</Compiler>
			</Target>
			<Target title="Release Win64">
				<Option output="bin/Release/scan" prefix_auto="1" extension_auto="1" />
				<Option object_output="obj/Release/" />
				<Option type="1" />
				<Option compiler="gcc" />
				<Compiler>
					<Add option="-O3" />
				</Compiler>
				<Linker>
					<Add option="-s" />
				</Linker>
			</Target>
			<Target title="Debug Lin64">
				<Option output="bin/Debug/scan" prefix_auto="1" extension_auto="1" />
				<Option object_output="obj/Debug/" />
				<Option type="1" />
				<Option compiler="gcc" />
				<Compiler>
					<Add option="-g" />
				</Compiler>
				<Linker>
					<Add library="rt" />
				</Linker>
			</Target>
			<Target title="Release Lin64">
				<Option output="bin/Release/scan" prefix_auto="1" extension_auto="1" />
				<Option object_output="obj/Release/" />
				<Option type="1" />
				<Option compiler="gcc" />
				<Compiler>
					<Add option="-O3" />
				</Compiler>
				<Linker>
					<Add option="-s" />
					<Add library="rt" />
				</Linker>
			</Target>
		</Build>
		<Compiler>
			<Add option="-std=c++0x" />
			<Add option="-Wall" />
			<Add option="-fexceptions" />
			<Add directory="../common/libs/clpp" />
		</Compiler>
		<Linker>
			<Add library="..\common\libs\clpp\bin\Release\libclpp.a" />
			<Add library="OpenCL" />
		</Linker>
		<Unit filename="../common/CPUAlgorithm.h" />
		<Unit filename="../common/GPUAlgorithm.h" />
		<Unit filename="../common/OpenCL.cpp" />
		<Unit filename="../common/OpenCL.h" />
		<Unit filename="../common/Runner.h" />
		<Unit filename="../common/Timer.cpp" />
		<Unit filename="../common/Timer.h" />
		<Unit filename="../common/utils.cpp" />
		<Unit filename="../common/utils.h" />
		<Unit filename="ScanAlgorithm.h" />
		<Unit filename="ScanPlugin.h" />
		<Unit filename="cpu/Scan.h" />
		<Unit filename="gpu/apple/Scan.cl" />
		<Unit filename="gpu/apple/Scan.h" />
		<Unit filename="gpu/clpp/Scan.h" />
		<Unit filename="gpu/dixxi/ScanTask.cl" />
		<Unit filename="gpu/dixxi/ScanTask.h" />
		<Unit filename="gpu/gpugems/LocalScan.cl" />
		<Unit filename="gpu/gpugems/LocalScan.h" />
		<Unit filename="gpu/gpugems/NaiveScan.cl" />
		<Unit filename="gpu/gpugems/NaiveScan.h" />
		<Unit filename="gpu/gpugems/WorkEfficientScan.cl" />
		<Unit filename="gpu/gpugems/WorkEfficientScan.h" />
		<Unit filename="gpu/nvidia/Scan.cl" />
		<Unit filename="gpu/nvidia/Scan.h" />
		<Unit filename="main.cpp" />
		<Extensions>
			<code_completion />
			<envvars />
			<debugger />
			<lib_finder disable_auto="1" />
			<DoxyBlocks>
				<comment_style block="0" line="0" />
				<doxyfile_project />
				<doxyfile_build />
				<doxyfile_warnings />
				<doxyfile_output />
				<doxyfile_dot />
				<general />
			</DoxyBlocks>
		</Extensions>
	</Project>
</CodeBlocks_project_file>
