<?xml version="1.0" encoding="utf-8"?>
<Project ToolsVersion="4.0" xmlns="http://schemas.microsoft.com/developer/msbuild/2003">
  <ItemGroup>
    <ClCompile Include="main.cpp" />
    <ClCompile Include="..\common\OpenCL.cpp">
      <Filter>common</Filter>
    </ClCompile>
    <ClCompile Include="..\common\Timer.cpp">
      <Filter>common</Filter>
    </ClCompile>
    <ClCompile Include="..\common\utils.cpp">
      <Filter>common</Filter>
    </ClCompile>
    <ClCompile Include="..\common\StatsWriter.cpp">
      <Filter>common</Filter>
    </ClCompile>
    <ClCompile Include="..\common\ConsoleWriter.cpp">
      <Filter>common</Filter>
    </ClCompile>
  </ItemGroup>
  <ItemGroup>
    <ClInclude Include="ScanAlgorithm.h" />
    <ClInclude Include="ScanPlugin.h" />
    <ClInclude Include="gpu\apple\Scan.h">
      <Filter>gpu\apple</Filter>
    </ClInclude>
    <ClInclude Include="gpu\clpp\Scan.h">
      <Filter>gpu\clpp</Filter>
    </ClInclude>
    <ClInclude Include="gpu\nvidia\Scan.h">
      <Filter>gpu\nvidia</Filter>
    </ClInclude>
    <ClInclude Include="gpu\dixxi\ScanTask.h">
      <Filter>gpu\dixxi</Filter>
    </ClInclude>
    <ClInclude Include="cpu\Scan.h">
      <Filter>cpu</Filter>
    </ClInclude>
    <ClInclude Include="..\common\OpenCL.h">
      <Filter>common</Filter>
    </ClInclude>
    <ClInclude Include="..\common\Runner.h">
      <Filter>common</Filter>
    </ClInclude>
    <ClInclude Include="..\common\StatsWriter.h">
      <Filter>common</Filter>
    </ClInclude>
    <ClInclude Include="..\common\Timer.h">
      <Filter>common</Filter>
    </ClInclude>
    <ClInclude Include="..\common\utils.h">
      <Filter>common</Filter>
    </ClInclude>
    <ClInclude Include="..\common\CPUAlgorithm.h">
      <Filter>common</Filter>
    </ClInclude>
    <ClInclude Include="..\common\GPUAlgorithm.h">
      <Filter>common</Filter>
    </ClInclude>
    <ClInclude Include="..\common\DeviceInfoWriter.h">
      <Filter>common</Filter>
    </ClInclude>
    <ClInclude Include="..\common\ConsoleWriter.h">
      <Filter>common</Filter>
    </ClInclude>
    <ClInclude Include="..\common\structs.h">
      <Filter>common</Filter>
    </ClInclude>
    <ClInclude Include="gpu\thesis\NaiveScan.h">
      <Filter>gpu\thesis</Filter>
    </ClInclude>
    <ClInclude Include="gpu\dixxi\NaiveScan.h">
      <Filter>gpu\dixxi</Filter>
    </ClInclude>
    <ClInclude Include="gpu\dixxi\WorkEfficientScan.h">
      <Filter>gpu\dixxi</Filter>
    </ClInclude>
    <ClInclude Include="gpu\gpugems\LocalNaiveScan.h">
      <Filter>gpu\gpugems</Filter>
    </ClInclude>
    <ClInclude Include="gpu\gpugems\LocalWorkEfficientScan.h">
      <Filter>gpu\gpugems</Filter>
    </ClInclude>
    <ClInclude Include="gpu\dixxi\RecursiveScan.h">
      <Filter>gpu\dixxi</Filter>
    </ClInclude>
    <ClInclude Include="gpu\dixxi\LocalWorkEfficientBlockScan.h">
      <Filter>gpu\dixxi</Filter>
    </ClInclude>
  </ItemGroup>
  <ItemGroup>
    <None Include="gpu\dixxi\ScanTask.cl">
      <Filter>gpu\dixxi</Filter>
    </None>
    <None Include="gpu\apple\Scan.cl">
      <Filter>gpu\apple</Filter>
    </None>
    <None Include="gpu\nvidia\Scan.cl">
      <Filter>gpu\nvidia</Filter>
    </None>
    <None Include="gpu\thesis\NaiveScan.cl">
      <Filter>gpu\thesis</Filter>
    </None>
    <None Include="gpu\dixxi\NaiveScan.cl">
      <Filter>gpu\dixxi</Filter>
    </None>
    <None Include="gpu\dixxi\WorkEfficientScan.cl">
      <Filter>gpu\dixxi</Filter>
    </None>
    <None Include="gpu\gpugems\LocalNaiveScan.cl">
      <Filter>gpu\gpugems</Filter>
    </None>
    <None Include="gpu\gpugems\LocalWorkEfficientScan.cl">
      <Filter>gpu\gpugems</Filter>
    </None>
    <None Include="gpu\dixxi\RecursiveScan.cl">
      <Filter>gpu\dixxi</Filter>
    </None>
    <None Include="gpu\dixxi\LocalWorkEfficientBlockScan.cl">
      <Filter>gpu\dixxi</Filter>
    </None>
  </ItemGroup>
  <ItemGroup>
    <Filter Include="cpu">
      <UniqueIdentifier>{69d26342-30f1-4f2b-bb20-4c0ad944070f}</UniqueIdentifier>
    </Filter>
    <Filter Include="gpu">
      <UniqueIdentifier>{2eed0c88-90ec-4466-ab71-068eac7cb3a6}</UniqueIdentifier>
    </Filter>
    <Filter Include="gpu\apple">
      <UniqueIdentifier>{aa882f0b-0499-4d4a-a3d2-24b49dd61f2d}</UniqueIdentifier>
    </Filter>
    <Filter Include="gpu\clpp">
      <UniqueIdentifier>{87b6bdfd-0ec8-4fc1-a2ca-b5e8d8a0665a}</UniqueIdentifier>
    </Filter>
    <Filter Include="gpu\dixxi">
      <UniqueIdentifier>{04920929-1e44-43c4-b32f-4c847a28db34}</UniqueIdentifier>
    </Filter>
    <Filter Include="gpu\gpugems">
      <UniqueIdentifier>{2008f581-c359-499b-ac01-ea3174724d37}</UniqueIdentifier>
    </Filter>
    <Filter Include="gpu\nvidia">
      <UniqueIdentifier>{64d0b867-aa43-4f6e-9293-33b168b21617}</UniqueIdentifier>
    </Filter>
    <Filter Include="common">
      <UniqueIdentifier>{e1241011-7254-4c4b-9a78-e214e1c53920}</UniqueIdentifier>
    </Filter>
    <Filter Include="gpu\thesis">
      <UniqueIdentifier>{3441b673-477a-4799-877d-cb279d277961}</UniqueIdentifier>
    </Filter>
  </ItemGroup>
</Project>