<?xml version="1.0" encoding="utf-8"?>
<Project ToolsVersion="4.0" xmlns="http://schemas.microsoft.com/developer/msbuild/2003">
  <ItemGroup>
    <ClCompile Include="main.cpp" />
    <ClCompile Include="..\common\OpenCL.cpp">
      <Filter>common</Filter>
    </ClCompile>
    <ClCompile Include="..\common\Timer.cpp">
      <Filter>common</Filter>
    </ClCompile>
    <ClCompile Include="..\common\utils.cpp">
      <Filter>common</Filter>
    </ClCompile>
    <ClCompile Include="..\common\StatsWriter.cpp">
      <Filter>common</Filter>
    </ClCompile>
    <ClCompile Include="..\common\ConsoleWriter.cpp">
      <Filter>common</Filter>
    </ClCompile>
  </ItemGroup>
  <ItemGroup>
    <ClInclude Include="SortAlgorithm.h" />
    <ClInclude Include="SortPlugin.h" />
    <ClInclude Include="cpu\QSort.h">
      <Filter>cpu</Filter>
    </ClInclude>
    <ClInclude Include="cpu\Quicksort.h">
      <Filter>cpu</Filter>
    </ClInclude>
    <ClInclude Include="cpu\STLSort.h">
      <Filter>cpu</Filter>
    </ClInclude>
    <ClInclude Include="cpu\TimSort.h">
      <Filter>cpu</Filter>
    </ClInclude>
    <ClInclude Include="cpu\timsort.hpp">
      <Filter>cpu</Filter>
    </ClInclude>
    <ClInclude Include="gpu\amd\BitonicSort.h">
      <Filter>gpu\amd</Filter>
    </ClInclude>
    <ClInclude Include="gpu\nvidia\BitonicSort.h">
      <Filter>gpu\nvidia</Filter>
    </ClInclude>
    <ClInclude Include="gpu\gpugems\OddEvenTransition.h">
      <Filter>gpu\gpugems</Filter>
    </ClInclude>
    <ClInclude Include="gpu\bealto\ParallelBitonicSortA.h">
      <Filter>gpu\bealto</Filter>
    </ClInclude>
    <ClInclude Include="gpu\bealto\ParallelBitonicSortB16.h">
      <Filter>gpu\bealto</Filter>
    </ClInclude>
    <ClInclude Include="gpu\bealto\ParallelBitonicSortB2.h">
      <Filter>gpu\bealto</Filter>
    </ClInclude>
    <ClInclude Include="gpu\bealto\ParallelBitonicSortB4.h">
      <Filter>gpu\bealto</Filter>
    </ClInclude>
    <ClInclude Include="gpu\bealto\ParallelBitonicSortB8.h">
      <Filter>gpu\bealto</Filter>
    </ClInclude>
    <ClInclude Include="gpu\bealto\ParallelBitonicSortC.h">
      <Filter>gpu\bealto</Filter>
    </ClInclude>
    <ClInclude Include="gpu\bealto\ParallelBitonicSortLocal.h">
      <Filter>gpu\bealto</Filter>
    </ClInclude>
    <ClInclude Include="gpu\bealto\ParallelBitonicSortLocalOptim.h">
      <Filter>gpu\bealto</Filter>
    </ClInclude>
    <ClInclude Include="gpu\bealto\ParallelMergeSort.h">
      <Filter>gpu\bealto</Filter>
    </ClInclude>
    <ClInclude Include="gpu\bealto\ParallelSelectionSort.h">
      <Filter>gpu\bealto</Filter>
    </ClInclude>
    <ClInclude Include="gpu\bealto\ParallelSelectionSortBlocks.h">
      <Filter>gpu\bealto</Filter>
    </ClInclude>
    <ClInclude Include="gpu\bealto\ParallelSelectionSortLocal.h">
      <Filter>gpu\bealto</Filter>
    </ClInclude>
    <ClInclude Include="gpu\clpp\RadixSort.h">
      <Filter>gpu\clpp</Filter>
    </ClInclude>
    <ClInclude Include="gpu\nvidia\RadixSort.h">
      <Filter>gpu\nvidia</Filter>
    </ClInclude>
    <ClInclude Include="gpu\dixxi\RadixSort.h">
      <Filter>gpu\dixxi</Filter>
    </ClInclude>
    <ClInclude Include="gpu\libCL\RadixSort.h">
      <Filter>gpu\libCL</Filter>
    </ClInclude>
    <ClInclude Include="gpu\amd_dixxi\RadixSort.h">
      <Filter>gpu\amd_dixxi</Filter>
    </ClInclude>
    <ClInclude Include="gpu\amd\RadixSort.h">
      <Filter>gpu\amd</Filter>
    </ClInclude>
    <ClInclude Include="cpu\amd\RadixSort.h">
      <Filter>cpu\amd</Filter>
    </ClInclude>
    <ClInclude Include="gpu\dixxi\RadixSortAtomicCounters.h">
      <Filter>gpu\dixxi</Filter>
    </ClInclude>
    <ClInclude Include="..\common\CPUAlgorithm.h">
      <Filter>common</Filter>
    </ClInclude>
    <ClInclude Include="..\common\OpenCL.h">
      <Filter>common</Filter>
    </ClInclude>
    <ClInclude Include="..\common\Runner.h">
      <Filter>common</Filter>
    </ClInclude>
    <ClInclude Include="..\common\StatsWriter.h">
      <Filter>common</Filter>
    </ClInclude>
    <ClInclude Include="..\common\Timer.h">
      <Filter>common</Filter>
    </ClInclude>
    <ClInclude Include="..\common\utils.h">
      <Filter>common</Filter>
    </ClInclude>
    <ClInclude Include="cpu\stereopsis\radixsort.h">
      <Filter>cpu\stereopsis</Filter>
    </ClInclude>
    <ClInclude Include="..\common\DeviceInfoWriter.h">
      <Filter>common</Filter>
    </ClInclude>
    <ClInclude Include="..\common\ConsoleWriter.h">
      <Filter>common</Filter>
    </ClInclude>
    <ClInclude Include="..\common\structs.h">
      <Filter>common</Filter>
    </ClInclude>
    <ClInclude Include="gpu\dixxi\BitonicSort.h">
      <Filter>gpu\dixxi</Filter>
    </ClInclude>
    <ClInclude Include="gpu\dixxi\BitonicSortFusion.h">
      <Filter>gpu\dixxi</Filter>
    </ClInclude>
    <ClInclude Include="gpu\dixxi\BitonicSortLocal.h">
      <Filter>gpu\dixxi</Filter>
    </ClInclude>
    <ClInclude Include="..\common\CLAlgorithm.h">
      <Filter>common</Filter>
    </ClInclude>
    <ClInclude Include="gpu\thesis\BitonicSort.h">
      <Filter>gpu\thesis</Filter>
    </ClInclude>
    <ClInclude Include="gpu\thesis\BitonicSortFusion.h">
      <Filter>gpu\thesis</Filter>
    </ClInclude>
    <ClInclude Include="gpu\thesis\RadixSort.h">
      <Filter>gpu\thesis</Filter>
    </ClInclude>
    <ClInclude Include="gpu\thesis\RadixSortLocal.h">
      <Filter>gpu\thesis</Filter>
    </ClInclude>
  </ItemGroup>
  <ItemGroup>
    <None Include="gpu\gpugems\OddEvenTransition.cl">
      <Filter>gpu\gpugems</Filter>
    </None>
    <None Include="gpu\nvidia\BitonicSort.cl">
      <Filter>gpu\nvidia</Filter>
    </None>
    <None Include="gpu\amd\BitonicSort.cl">
      <Filter>gpu\amd</Filter>
    </None>
    <None Include="gpu\bealto\ParallelBitonicSortA.cl">
      <Filter>gpu\bealto</Filter>
    </None>
    <None Include="gpu\bealto\ParallelBitonicSortB16.cl">
      <Filter>gpu\bealto</Filter>
    </None>
    <None Include="gpu\bealto\ParallelBitonicSortB2.cl">
      <Filter>gpu\bealto</Filter>
    </None>
    <None Include="gpu\bealto\ParallelBitonicSortB4.cl">
      <Filter>gpu\bealto</Filter>
    </None>
    <None Include="gpu\bealto\ParallelBitonicSortB8.cl">
      <Filter>gpu\bealto</Filter>
    </None>
    <None Include="gpu\bealto\ParallelBitonicSortC.cl">
      <Filter>gpu\bealto</Filter>
    </None>
    <None Include="gpu\bealto\ParallelBitonicSortLocal.cl">
      <Filter>gpu\bealto</Filter>
    </None>
    <None Include="gpu\bealto\ParallelBitonicSortLocalOptim.cl">
      <Filter>gpu\bealto</Filter>
    </None>
    <None Include="gpu\bealto\ParallelMergeSort.cl">
      <Filter>gpu\bealto</Filter>
    </None>
    <None Include="gpu\bealto\ParallelSelectionSort.cl">
      <Filter>gpu\bealto</Filter>
    </None>
    <None Include="gpu\bealto\ParallelSelectionSortBlocks.cl">
      <Filter>gpu\bealto</Filter>
    </None>
    <None Include="gpu\bealto\ParallelSelectionSortLocal.cl">
      <Filter>gpu\bealto</Filter>
    </None>
    <None Include="gpu\amd\RadixSort.cl">
      <Filter>gpu\amd</Filter>
    </None>
    <None Include="gpu\nvidia\RadixSort.cl">
      <Filter>gpu\nvidia</Filter>
    </None>
    <None Include="gpu\dixxi\RadixSortAtomicCounters.cl">
      <Filter>gpu\dixxi</Filter>
    </None>
    <None Include="gpu\amd_dixxi\RadixSort.cl">
      <Filter>gpu\amd_dixxi</Filter>
    </None>
    <None Include="gpu\dixxi\RadixSort.cl">
      <Filter>gpu\dixxi</Filter>
    </None>
    <None Include="gpu\nvidia\Scan_b.cl">
      <Filter>gpu\nvidia</Filter>
    </None>
    <None Include="gpu\libCL\RadixSort.cl">
      <Filter>gpu\libCL</Filter>
    </None>
    <None Include="gpu\dixxi\BitonicSort.cl">
      <Filter>gpu\dixxi</Filter>
    </None>
    <None Include="gpu\dixxi\BitonicSortFusion.cl">
      <Filter>gpu\dixxi</Filter>
    </None>
    <None Include="gpu\dixxi\BitonicSortLocal.cl">
      <Filter>gpu\dixxi</Filter>
    </None>
    <None Include="gpu\thesis\BitonicSort.cl">
      <Filter>gpu\thesis</Filter>
    </None>
    <None Include="gpu\thesis\BitonicSortFusion.cl">
      <Filter>gpu\thesis</Filter>
    </None>
    <None Include="gpu\amd_dixxi\RecursiveVecScan.cl">
      <Filter>gpu\amd_dixxi</Filter>
    </None>
    <None Include="gpu\thesis\RadixSort.cl">
      <Filter>gpu\thesis</Filter>
    </None>
    <None Include="gpu\thesis\RadixSortLocal.cl">
      <Filter>gpu\thesis</Filter>
    </None>
  </ItemGroup>
  <ItemGroup>
    <Filter Include="cpu">
      <UniqueIdentifier>{68b9f13c-282b-4732-bbc9-fdc32d8b047f}</UniqueIdentifier>
    </Filter>
    <Filter Include="gpu">
      <UniqueIdentifier>{be90a73c-6de0-4ff4-932e-2714c39131ab}</UniqueIdentifier>
    </Filter>
    <Filter Include="cpu\amd">
      <UniqueIdentifier>{66e635be-a410-49e1-999c-96b0e0fff893}</UniqueIdentifier>
    </Filter>
    <Filter Include="gpu\amd">
      <UniqueIdentifier>{33815c12-bfad-4f0c-b8b0-809ffdbd8182}</UniqueIdentifier>
    </Filter>
    <Filter Include="gpu\amd_dixxi">
      <UniqueIdentifier>{415981d0-ff61-46df-a967-be741bb6d8bd}</UniqueIdentifier>
    </Filter>
    <Filter Include="gpu\bealto">
      <UniqueIdentifier>{8f027484-fef2-46b3-9be7-1d3789e5a8af}</UniqueIdentifier>
    </Filter>
    <Filter Include="gpu\clpp">
      <UniqueIdentifier>{d443274c-06eb-47b7-b4c9-f141b5d4162a}</UniqueIdentifier>
    </Filter>
    <Filter Include="gpu\dixxi">
      <UniqueIdentifier>{754cbc64-c45c-47e4-a9e1-006d0092ac80}</UniqueIdentifier>
    </Filter>
    <Filter Include="gpu\gpugems">
      <UniqueIdentifier>{3c931758-bd14-42c9-801a-2e4b905b23b8}</UniqueIdentifier>
    </Filter>
    <Filter Include="gpu\libCL">
      <UniqueIdentifier>{f27924b0-724a-4f6e-bcd7-216ffee0a362}</UniqueIdentifier>
    </Filter>
    <Filter Include="gpu\nvidia">
      <UniqueIdentifier>{a951aa35-4b57-4538-8d44-c619985c86cc}</UniqueIdentifier>
    </Filter>
    <Filter Include="common">
      <UniqueIdentifier>{89950676-5300-44c3-afaf-dcbab0a148a2}</UniqueIdentifier>
    </Filter>
    <Filter Include="cpu\stereopsis">
      <UniqueIdentifier>{cb561845-27bd-442d-831d-52ce166ad954}</UniqueIdentifier>
    </Filter>
    <Filter Include="gpu\thesis">
      <UniqueIdentifier>{f15bae8a-05c8-4c13-b7b0-c42bd6a79abf}</UniqueIdentifier>
    </Filter>
  </ItemGroup>
</Project>