<?xml version="1.0" encoding="UTF-8" standalone="yes" ?>
<CodeBlocks_project_file>
	<FileVersion major="1" minor="6" />
	<Project>
		<Option title="sort" />
		<Option pch_mode="2" />
		<Option compiler="gcc" />
		<Build>
			<Target title="Debug">
				<Option output="bin\Debug\sort" prefix_auto="1" extension_auto="1" />
				<Option object_output="obj\Debug\" />
				<Option type="1" />
				<Option compiler="gcc" />
				<Compiler>
					<Add option="-g" />
				</Compiler>
				<Linker>
					<Add library="libs\clpp\bin\Debug\libclpp.a" />
					<Add library="opencl" />
				</Linker>
			</Target>
			<Target title="Release">
				<Option output="bin\Release\sort" prefix_auto="1" extension_auto="1" />
				<Option object_output="obj\Release\" />
				<Option type="1" />
				<Option compiler="gcc" />
				<Compiler>
					<Add option="-O3" />
				</Compiler>
				<Linker>
					<Add option="-s" />
					<Add library="libs\clpp\bin\Release\libclpp.a" />
					<Add library="opencl" />
				</Linker>
			</Target>
		</Build>
		<Compiler>
			<Add option="-std=c++0x" />
			<Add option="-Wall" />
			<Add option="-fexceptions" />
			<Add directory="libs\clpp" />
		</Compiler>
		<Unit filename="..\common\OpenCL.cpp" />
		<Unit filename="..\common\OpenCL.h" />
		<Unit filename="..\common\Timer.cpp" />
		<Unit filename="..\common\Timer.h" />
		<Unit filename="CPUSortingAlgorithm.h" />
		<Unit filename="GPUSortingAlgorithm.h" />
		<Unit filename="SortingAlgorithm.h" />
		<Unit filename="cpu\QSort.h" />
		<Unit filename="cpu\Quicksort.h" />
		<Unit filename="cpu\STLSort.h" />
		<Unit filename="cpu\TimSort.h" />
		<Unit filename="cpu\amd\RadixSort.h" />
		<Unit filename="cpu\timsort.hpp" />
		<Unit filename="gpu\amd\BitonicSort.cl" />
		<Unit filename="gpu\amd\BitonicSort.h" />
		<Unit filename="gpu\amd\RadixSort.cl" />
		<Unit filename="gpu\amd\RadixSort.h" />
		<Unit filename="gpu\bealto\ParallelBitonicSortA.cl" />
		<Unit filename="gpu\bealto\ParallelBitonicSortA.h" />
		<Unit filename="gpu\bealto\ParallelBitonicSortB16.cl" />
		<Unit filename="gpu\bealto\ParallelBitonicSortB16.h" />
		<Unit filename="gpu\bealto\ParallelBitonicSortB2.cl" />
		<Unit filename="gpu\bealto\ParallelBitonicSortB2.h" />
		<Unit filename="gpu\bealto\ParallelBitonicSortB4.cl" />
		<Unit filename="gpu\bealto\ParallelBitonicSortB4.h" />
		<Unit filename="gpu\bealto\ParallelBitonicSortB8.cl" />
		<Unit filename="gpu\bealto\ParallelBitonicSortB8.h" />
		<Unit filename="gpu\bealto\ParallelBitonicSortC.cl" />
		<Unit filename="gpu\bealto\ParallelBitonicSortC.h" />
		<Unit filename="gpu\bealto\ParallelBitonicSortLocal.cl" />
		<Unit filename="gpu\bealto\ParallelBitonicSortLocal.h" />
		<Unit filename="gpu\bealto\ParallelBitonicSortLocalOptim.cl" />
		<Unit filename="gpu\bealto\ParallelBitonicSortLocalOptim.h" />
		<Unit filename="gpu\bealto\ParallelMergeSort.cl" />
		<Unit filename="gpu\bealto\ParallelMergeSort.h" />
		<Unit filename="gpu\bealto\ParallelSelectionSort.cl" />
		<Unit filename="gpu\bealto\ParallelSelectionSort.h" />
		<Unit filename="gpu\bealto\ParallelSelectionSortBlocks.cl" />
		<Unit filename="gpu\bealto\ParallelSelectionSortBlocks.h" />
		<Unit filename="gpu\bealto\ParallelSelectionSortLocal.cl" />
		<Unit filename="gpu\bealto\ParallelSelectionSortLocal.h" />
		<Unit filename="gpu\clpp\RadixSort.h" />
		<Unit filename="gpu\libCL\RadixSort.cl" />
		<Unit filename="gpu\libCL\RadixSort.h" />
		<Unit filename="libs\clpp\clppScan_Default.cl" />
		<Unit filename="libs\clpp\clppScan_GPU.cl" />
		<Unit filename="libs\clpp\clppSort_Blelloch.cl" />
		<Unit filename="libs\clpp\clppSort_RadixSort.cl" />
		<Unit filename="libs\clpp\clppSort_RadixSortGPU.cl" />
		<Unit filename="libs\clpp\clppsort.h" />
		<Unit filename="main.cpp" />
		<Extensions>
			<code_completion />
			<envvars />
			<debugger />
			<lib_finder disable_auto="1" />
			<DoxyBlocks>
				<comment_style block="0" line="0" />
				<doxyfile_project />
				<doxyfile_build />
				<doxyfile_warnings />
				<doxyfile_output />
				<doxyfile_dot />
				<general />
			</DoxyBlocks>
		</Extensions>
	</Project>
</CodeBlocks_project_file>
