<?xml version="1.0" encoding="UTF-8" standalone="yes" ?>
<CodeBlocks_project_file>
	<FileVersion major="1" minor="6" />
	<Project>
		<Option title="blas" />
		<Option pch_mode="2" />
		<Option compiler="gcc" />
		<Build>
			<Target title="Win64/Lin64">
				<Option output="bin/blas" prefix_auto="1" extension_auto="1" />
				<Option working_dir="" />
				<Option object_output="obj" />
				<Option type="2" />
				<Option compiler="gcc" />
				<Compiler>
					<Add option="-march=core2" />
					<Add option="-O3" />
				</Compiler>
				<Linker>
					<Add option="-s" />
				</Linker>
			</Target>
		</Build>
		<Compiler>
			<Add option="-Wall" />
		</Compiler>
		<Unit filename="src/caxpy.f" />
		<Unit filename="src/ccopy.f" />
		<Unit filename="src/cdotc.f" />
		<Unit filename="src/cdotu.f" />
		<Unit filename="src/cgbmv.f" />
		<Unit filename="src/cgemm.f" />
		<Unit filename="src/cgemv.f" />
		<Unit filename="src/cgerc.f" />
		<Unit filename="src/cgeru.f" />
		<Unit filename="src/chbmv.f" />
		<Unit filename="src/chemm.f" />
		<Unit filename="src/chemv.f" />
		<Unit filename="src/cher.f" />
		<Unit filename="src/cher2.f" />
		<Unit filename="src/cher2k.f" />
		<Unit filename="src/cherk.f" />
		<Unit filename="src/chpmv.f" />
		<Unit filename="src/chpr.f" />
		<Unit filename="src/chpr2.f" />
		<Unit filename="src/crotg.f" />
		<Unit filename="src/cscal.f" />
		<Unit filename="src/csrot.f" />
		<Unit filename="src/csscal.f" />
		<Unit filename="src/cswap.f" />
		<Unit filename="src/csymm.f" />
		<Unit filename="src/csyr2k.f" />
		<Unit filename="src/csyrk.f" />
		<Unit filename="src/ctbmv.f" />
		<Unit filename="src/ctbsv.f" />
		<Unit filename="src/ctpmv.f" />
		<Unit filename="src/ctpsv.f" />
		<Unit filename="src/ctrmm.f" />
		<Unit filename="src/ctrmv.f" />
		<Unit filename="src/ctrsm.f" />
		<Unit filename="src/ctrsv.f" />
		<Unit filename="src/dasum.f" />
		<Unit filename="src/daxpy.f" />
		<Unit filename="src/dcabs1.f" />
		<Unit filename="src/dcopy.f" />
		<Unit filename="src/ddot.f" />
		<Unit filename="src/dgbmv.f" />
		<Unit filename="src/dgemm.f" />
		<Unit filename="src/dgemv.f" />
		<Unit filename="src/dger.f" />
		<Unit filename="src/dnrm2.f" />
		<Unit filename="src/drot.f" />
		<Unit filename="src/drotg.f" />
		<Unit filename="src/drotm.f" />
		<Unit filename="src/drotmg.f" />
		<Unit filename="src/dsbmv.f" />
		<Unit filename="src/dscal.f" />
		<Unit filename="src/dsdot.f" />
		<Unit filename="src/dspmv.f" />
		<Unit filename="src/dspr.f" />
		<Unit filename="src/dspr2.f" />
		<Unit filename="src/dswap.f" />
		<Unit filename="src/dsymm.f" />
		<Unit filename="src/dsymv.f" />
		<Unit filename="src/dsyr.f" />
		<Unit filename="src/dsyr2.f" />
		<Unit filename="src/dsyr2k.f" />
		<Unit filename="src/dsyrk.f" />
		<Unit filename="src/dtbmv.f" />
		<Unit filename="src/dtbsv.f" />
		<Unit filename="src/dtpmv.f" />
		<Unit filename="src/dtpsv.f" />
		<Unit filename="src/dtrmm.f" />
		<Unit filename="src/dtrmv.f" />
		<Unit filename="src/dtrsm.f" />
		<Unit filename="src/dtrsv.f" />
		<Unit filename="src/dzasum.f" />
		<Unit filename="src/dznrm2.f" />
		<Unit filename="src/icamax.f" />
		<Unit filename="src/idamax.f" />
		<Unit filename="src/isamax.f" />
		<Unit filename="src/izamax.f" />
		<Unit filename="src/lsame.f" />
		<Unit filename="src/sasum.f" />
		<Unit filename="src/saxpy.f" />
		<Unit filename="src/scabs1.f" />
		<Unit filename="src/scasum.f" />
		<Unit filename="src/scnrm2.f" />
		<Unit filename="src/scopy.f" />
		<Unit filename="src/sdot.f" />
		<Unit filename="src/sdsdot.f" />
		<Unit filename="src/sgbmv.f" />
		<Unit filename="src/sgemm.f" />
		<Unit filename="src/sgemv.f" />
		<Unit filename="src/sger.f" />
		<Unit filename="src/snrm2.f" />
		<Unit filename="src/srot.f" />
		<Unit filename="src/srotg.f" />
		<Unit filename="src/srotm.f" />
		<Unit filename="src/srotmg.f" />
		<Unit filename="src/ssbmv.f" />
		<Unit filename="src/sscal.f" />
		<Unit filename="src/sspmv.f" />
		<Unit filename="src/sspr.f" />
		<Unit filename="src/sspr2.f" />
		<Unit filename="src/sswap.f" />
		<Unit filename="src/ssymm.f" />
		<Unit filename="src/ssymv.f" />
		<Unit filename="src/ssyr.f" />
		<Unit filename="src/ssyr2.f" />
		<Unit filename="src/ssyr2k.f" />
		<Unit filename="src/ssyrk.f" />
		<Unit filename="src/stbmv.f" />
		<Unit filename="src/stbsv.f" />
		<Unit filename="src/stpmv.f" />
		<Unit filename="src/stpsv.f" />
		<Unit filename="src/strmm.f" />
		<Unit filename="src/strmv.f" />
		<Unit filename="src/strsm.f" />
		<Unit filename="src/strsv.f" />
		<Unit filename="src/xerbla.f" />
		<Unit filename="src/zaxpy.f" />
		<Unit filename="src/zcopy.f" />
		<Unit filename="src/zdotc.f" />
		<Unit filename="src/zdotu.f" />
		<Unit filename="src/zdrot.f" />
		<Unit filename="src/zdscal.f" />
		<Unit filename="src/zgbmv.f" />
		<Unit filename="src/zgemm.f" />
		<Unit filename="src/zgemv.f" />
		<Unit filename="src/zgerc.f" />
		<Unit filename="src/zgeru.f" />
		<Unit filename="src/zhbmv.f" />
		<Unit filename="src/zhemm.f" />
		<Unit filename="src/zhemv.f" />
		<Unit filename="src/zher.f" />
		<Unit filename="src/zher2.f" />
		<Unit filename="src/zher2k.f" />
		<Unit filename="src/zherk.f" />
		<Unit filename="src/zhpmv.f" />
		<Unit filename="src/zhpr.f" />
		<Unit filename="src/zhpr2.f" />
		<Unit filename="src/zrotg.f" />
		<Unit filename="src/zscal.f" />
		<Unit filename="src/zswap.f" />
		<Unit filename="src/zsymm.f" />
		<Unit filename="src/zsyr2k.f" />
		<Unit filename="src/zsyrk.f" />
		<Unit filename="src/ztbmv.f" />
		<Unit filename="src/ztbsv.f" />
		<Unit filename="src/ztpmv.f" />
		<Unit filename="src/ztpsv.f" />
		<Unit filename="src/ztrmm.f" />
		<Unit filename="src/ztrmv.f" />
		<Unit filename="src/ztrsm.f" />
		<Unit filename="src/ztrsv.f" />
		<Extensions>
			<code_completion />
			<envvars />
			<debugger />
			<lib_finder disable_auto="1" />
		</Extensions>
	</Project>
</CodeBlocks_project_file>
