
Microsoft Visual Studio Solution File, Format Version 12.00
# Visual Studio 2012
Project("{8BC9CEB8-8B4A-11D0-8D11-00A0C91BC942}") = "matrix", "matrix\matrix.vcxproj", "{60EE09EB-97A4-4C7A-BF4C-2BA98A8121E8}"
EndProject
Project("{8BC9CEB8-8B4A-11D0-8D11-00A0C91BC942}") = "scan", "scan\scan.vcxproj", "{8459D721-40EA-4D26-94F8-D00F0C39454C}"
EndProject
Project("{8BC9CEB8-8B4A-11D0-8D11-00A0C91BC942}") = "sort", "sort\sort.vcxproj", "{C7F80D19-D57C-4855-88E5-AEE773F6495B}"
EndProject
Project("{8BC9CEB8-8B4A-11D0-8D11-00A0C91BC942}") = "clpp", "common\libs\clpp\clpp.vcxproj", "{01A7CE88-A633-4C84-A158-80FDAAD68289}"
EndProject
Project("{8BC9CEB8-8B4A-11D0-8D11-00A0C91BC942}") = "libCL", "common\libs\libCL\libCL.vcxproj", "{4772821B-D66A-4C25-9D16-C719448E8BDC}"
EndProject
Project("{8BC9CEB8-8B4A-11D0-8D11-00A0C91BC942}") = "blas", "common\libs\blas\blas.vcxproj", "{C520D840-6DD2-4F75-B690-42D4FC57FA94}"
EndProject
Project("{8BC9CEB8-8B4A-11D0-8D11-00A0C91BC942}") = "cblas", "common\libs\cblas\cblas.vcxproj", "{0B5FFBC1-E095-447F-B9C4-421CFEECBD7C}"
EndProject
Global
	GlobalSection(SolutionConfigurationPlatforms) = preSolution
		Debug|x64 = Debug|x64
		Release|x64 = Release|x64
	EndGlobalSection
	GlobalSection(ProjectConfigurationPlatforms) = postSolution
		{60EE09EB-97A4-4C7A-BF4C-2BA98A8121E8}.Debug|x64.ActiveCfg = Debug|x64
		{60EE09EB-97A4-4C7A-BF4C-2BA98A8121E8}.Debug|x64.Build.0 = Debug|x64
		{60EE09EB-97A4-4C7A-BF4C-2BA98A8121E8}.Release|x64.ActiveCfg = Release|x64
		{60EE09EB-97A4-4C7A-BF4C-2BA98A8121E8}.Release|x64.Build.0 = Release|x64
		{8459D721-40EA-4D26-94F8-D00F0C39454C}.Debug|x64.ActiveCfg = Debug|x64
		{8459D721-40EA-4D26-94F8-D00F0C39454C}.Debug|x64.Build.0 = Debug|x64
		{8459D721-40EA-4D26-94F8-D00F0C39454C}.Release|x64.ActiveCfg = Release|x64
		{8459D721-40EA-4D26-94F8-D00F0C39454C}.Release|x64.Build.0 = Release|x64
		{C7F80D19-D57C-4855-88E5-AEE773F6495B}.Debug|x64.ActiveCfg = Debug|x64
		{C7F80D19-D57C-4855-88E5-AEE773F6495B}.Debug|x64.Build.0 = Debug|x64
		{C7F80D19-D57C-4855-88E5-AEE773F6495B}.Release|x64.ActiveCfg = Release|x64
		{C7F80D19-D57C-4855-88E5-AEE773F6495B}.Release|x64.Build.0 = Release|x64
		{01A7CE88-A633-4C84-A158-80FDAAD68289}.Debug|x64.ActiveCfg = Debug|x64
		{01A7CE88-A633-4C84-A158-80FDAAD68289}.Debug|x64.Build.0 = Debug|x64
		{01A7CE88-A633-4C84-A158-80FDAAD68289}.Release|x64.ActiveCfg = Release|x64
		{01A7CE88-A633-4C84-A158-80FDAAD68289}.Release|x64.Build.0 = Release|x64
		{4772821B-D66A-4C25-9D16-C719448E8BDC}.Debug|x64.ActiveCfg = Debug|x64
		{4772821B-D66A-4C25-9D16-C719448E8BDC}.Debug|x64.Build.0 = Debug|x64
		{4772821B-D66A-4C25-9D16-C719448E8BDC}.Release|x64.ActiveCfg = Release|x64
		{4772821B-D66A-4C25-9D16-C719448E8BDC}.Release|x64.Build.0 = Release|x64
		{C520D840-6DD2-4F75-B690-42D4FC57FA94}.Debug|x64.ActiveCfg = Release|x64
		{C520D840-6DD2-4F75-B690-42D4FC57FA94}.Debug|x64.Build.0 = Release|x64
		{C520D840-6DD2-4F75-B690-42D4FC57FA94}.Release|x64.ActiveCfg = Release|x64
		{C520D840-6DD2-4F75-B690-42D4FC57FA94}.Release|x64.Build.0 = Release|x64
		{0B5FFBC1-E095-447F-B9C4-421CFEECBD7C}.Debug|x64.ActiveCfg = Release|x64
		{0B5FFBC1-E095-447F-B9C4-421CFEECBD7C}.Debug|x64.Build.0 = Release|x64
		{0B5FFBC1-E095-447F-B9C4-421CFEECBD7C}.Release|x64.ActiveCfg = Release|x64
		{0B5FFBC1-E095-447F-B9C4-421CFEECBD7C}.Release|x64.Build.0 = Release|x64
	EndGlobalSection
	GlobalSection(SolutionProperties) = preSolution
		HideSolutionNode = FALSE
	EndGlobalSection
EndGlobal
